// !$*UTF8*$!
{
	archiveVersion = 1;
	classes = {
	};
	objectVersion = 46;
	objects = {

/* Begin PBXBuildFile section */
		D42987991CE027BC00D6BE4E /* PaddingLabel.swift in Sources */ = {isa = PBXBuildFile; fileRef = D42987981CE027BC00D6BE4E /* PaddingLabel.swift */; };
		D429879F1CE082E500D6BE4E /* UIColor+Pallette.swift in Sources */ = {isa = PBXBuildFile; fileRef = D429879E1CE082E500D6BE4E /* UIColor+Pallette.swift */; };
		D42987A21CE0962F00D6BE4E /* CircleView.swift in Sources */ = {isa = PBXBuildFile; fileRef = D42987A11CE0962F00D6BE4E /* CircleView.swift */; };
		D42987A41CE09AA200D6BE4E /* InputCirclesView.swift in Sources */ = {isa = PBXBuildFile; fileRef = D42987A31CE09AA200D6BE4E /* InputCirclesView.swift */; };
		D42987AA1CE1835100D6BE4E /* DigitButton.swift in Sources */ = {isa = PBXBuildFile; fileRef = D42987A91CE1835100D6BE4E /* DigitButton.swift */; };
		D42987AC1CE1A64F00D6BE4E /* NumPadView.swift in Sources */ = {isa = PBXBuildFile; fileRef = D42987AB1CE1A64F00D6BE4E /* NumPadView.swift */; };
		D45C90BF1D485217005AF2B5 /* InfoPlist.strings in Resources */ = {isa = PBXBuildFile; fileRef = D45C90C11D485217005AF2B5 /* InfoPlist.strings */; };
		D45C90C41D485217005AF2B5 /* InfoPlist.strings in Resources */ = {isa = PBXBuildFile; fileRef = D45C90C61D485217005AF2B5 /* InfoPlist.strings */; };
		D45CC18D1CFAF04100D0C30D /* Localizable.strings in Resources */ = {isa = PBXBuildFile; fileRef = D45CC18F1CFAF04100D0C30D /* Localizable.strings */; };
		D46092371CDD8AFD006C96E5 /* SimplePasscode.h in Headers */ = {isa = PBXBuildFile; fileRef = D46092361CDD8AFD006C96E5 /* SimplePasscode.h */; settings = {ATTRIBUTES = (Public, ); }; };
		D460923E1CDD8AFD006C96E5 /* SimplePasscode.framework in Frameworks */ = {isa = PBXBuildFile; fileRef = D46092331CDD8AFC006C96E5 /* SimplePasscode.framework */; };
		D46092431CDD8AFD006C96E5 /* SimplePasscodeTests.swift in Sources */ = {isa = PBXBuildFile; fileRef = D46092421CDD8AFD006C96E5 /* SimplePasscodeTests.swift */; };
		D460924F1CDD8EAB006C96E5 /* SnapKit.framework in Frameworks */ = {isa = PBXBuildFile; fileRef = D460924E1CDD8EAB006C96E5 /* SnapKit.framework */; };
		D4B097E41CDE2C05001AC22F /* API Entries.swift in Sources */ = {isa = PBXBuildFile; fileRef = D4B097E31CDE2C05001AC22F /* API Entries.swift */; };
		D4B097E61CDED813001AC22F /* PasscodeCreationViewController.swift in Sources */ = {isa = PBXBuildFile; fileRef = D4B097E51CDED813001AC22F /* PasscodeCreationViewController.swift */; };
		D4B097E81CDED843001AC22F /* PasscodeChangeViewController.swift in Sources */ = {isa = PBXBuildFile; fileRef = D4B097E71CDED843001AC22F /* PasscodeChangeViewController.swift */; };
		D4B097EA1CDED873001AC22F /* PasscodeDeletionViewController.swift in Sources */ = {isa = PBXBuildFile; fileRef = D4B097E91CDED873001AC22F /* PasscodeDeletionViewController.swift */; };
		D4B097EC1CDED88F001AC22F /* AuthenticationViewController.swift in Sources */ = {isa = PBXBuildFile; fileRef = D4B097EB1CDED88F001AC22F /* AuthenticationViewController.swift */; };
		D4B097EE1CDEDAEA001AC22F /* PasscodeField.swift in Sources */ = {isa = PBXBuildFile; fileRef = D4B097ED1CDEDAEA001AC22F /* PasscodeField.swift */; };
		D4B097F01CDF16B0001AC22F /* PasscodeInputView.swift in Sources */ = {isa = PBXBuildFile; fileRef = D4B097EF1CDF16B0001AC22F /* PasscodeInputView.swift */; };
		D4B097F41CDF3526001AC22F /* LockscreenManager.swift in Sources */ = {isa = PBXBuildFile; fileRef = D4B097F31CDF3526001AC22F /* LockscreenManager.swift */; };
		D4B097F61CDF3694001AC22F /* ShiftView.swift in Sources */ = {isa = PBXBuildFile; fileRef = D4B097F51CDF3694001AC22F /* ShiftView.swift */; };
		D4B097F81CDF41FA001AC22F /* FreezeManager.swift in Sources */ = {isa = PBXBuildFile; fileRef = D4B097F71CDF41FA001AC22F /* FreezeManager.swift */; };
		D4B097FA1CDF436B001AC22F /* SwiftDate.framework in Frameworks */ = {isa = PBXBuildFile; fileRef = D4B097F91CDF436B001AC22F /* SwiftDate.framework */; };
		D4B097FE1CDF4FB4001AC22F /* NSDate+Comparison.swift in Sources */ = {isa = PBXBuildFile; fileRef = D4B097FD1CDF4FB4001AC22F /* NSDate+Comparison.swift */; };
		D4BD7C521CDDF38A0021825D /* UIView+Shake.swift in Sources */ = {isa = PBXBuildFile; fileRef = D4BD7C511CDDF38A0021825D /* UIView+Shake.swift */; };
/* End PBXBuildFile section */

/* Begin PBXContainerItemProxy section */
		D460923F1CDD8AFD006C96E5 /* PBXContainerItemProxy */ = {
			isa = PBXContainerItemProxy;
			containerPortal = D460922A1CDD8AFC006C96E5 /* Project object */;
			proxyType = 1;
			remoteGlobalIDString = D46092321CDD8AFC006C96E5;
			remoteInfo = SimplePasscode;
		};
/* End PBXContainerItemProxy section */

/* Begin PBXFileReference section */
		D42987981CE027BC00D6BE4E /* PaddingLabel.swift */ = {isa = PBXFileReference; fileEncoding = 4; lastKnownFileType = sourcecode.swift; path = PaddingLabel.swift; sourceTree = "<group>"; };
		D429879E1CE082E500D6BE4E /* UIColor+Pallette.swift */ = {isa = PBXFileReference; fileEncoding = 4; lastKnownFileType = sourcecode.swift; path = "UIColor+Pallette.swift"; sourceTree = "<group>"; };
		D42987A11CE0962F00D6BE4E /* CircleView.swift */ = {isa = PBXFileReference; fileEncoding = 4; lastKnownFileType = sourcecode.swift; path = CircleView.swift; sourceTree = "<group>"; };
		D42987A31CE09AA200D6BE4E /* InputCirclesView.swift */ = {isa = PBXFileReference; fileEncoding = 4; lastKnownFileType = sourcecode.swift; path = InputCirclesView.swift; sourceTree = "<group>"; };
		D42987A91CE1835100D6BE4E /* DigitButton.swift */ = {isa = PBXFileReference; fileEncoding = 4; lastKnownFileType = sourcecode.swift; path = DigitButton.swift; sourceTree = "<group>"; };
		D42987AB1CE1A64F00D6BE4E /* NumPadView.swift */ = {isa = PBXFileReference; fileEncoding = 4; lastKnownFileType = sourcecode.swift; path = NumPadView.swift; sourceTree = "<group>"; };
		D45C90C01D485217005AF2B5 /* en */ = {isa = PBXFileReference; lastKnownFileType = text.plist.strings; name = en; path = en.lproj/InfoPlist.strings; sourceTree = "<group>"; };
		D45C90C51D485217005AF2B5 /* en */ = {isa = PBXFileReference; lastKnownFileType = text.plist.strings; name = en; path = en.lproj/InfoPlist.strings; sourceTree = "<group>"; };
		D45C90C71D485217005AF2B5 /* en */ = {isa = PBXFileReference; lastKnownFileType = text.plist.strings; name = en; path = en.lproj/Localizable.strings; sourceTree = "<group>"; };
		D45CC18E1CFAF04100D0C30D /* zh-Hans */ = {isa = PBXFileReference; lastKnownFileType = text.plist.strings; name = "zh-Hans"; path = "zh-Hans.lproj/Localizable.strings"; sourceTree = "<group>"; };
		D45CC19A1CFAF33F00D0C30D /* zh-Hant */ = {isa = PBXFileReference; lastKnownFileType = text.plist.strings; name = "zh-Hant"; path = "zh-Hant.lproj/Localizable.strings"; sourceTree = "<group>"; };
		D46092331CDD8AFC006C96E5 /* SimplePasscode.framework */ = {isa = PBXFileReference; explicitFileType = wrapper.framework; includeInIndex = 0; path = SimplePasscode.framework; sourceTree = BUILT_PRODUCTS_DIR; };
		D46092361CDD8AFD006C96E5 /* SimplePasscode.h */ = {isa = PBXFileReference; lastKnownFileType = sourcecode.c.h; path = SimplePasscode.h; sourceTree = "<group>"; };
		D46092381CDD8AFD006C96E5 /* Info.plist */ = {isa = PBXFileReference; lastKnownFileType = text.plist.xml; path = Info.plist; sourceTree = "<group>"; };
		D460923D1CDD8AFD006C96E5 /* SimplePasscodeTests.xctest */ = {isa = PBXFileReference; explicitFileType = wrapper.cfbundle; includeInIndex = 0; path = SimplePasscodeTests.xctest; sourceTree = BUILT_PRODUCTS_DIR; };
		D46092421CDD8AFD006C96E5 /* SimplePasscodeTests.swift */ = {isa = PBXFileReference; lastKnownFileType = sourcecode.swift; path = SimplePasscodeTests.swift; sourceTree = "<group>"; };
		D46092441CDD8AFD006C96E5 /* Info.plist */ = {isa = PBXFileReference; lastKnownFileType = text.plist.xml; path = Info.plist; sourceTree = "<group>"; };
		D460924E1CDD8EAB006C96E5 /* SnapKit.framework */ = {isa = PBXFileReference; lastKnownFileType = wrapper.framework; name = SnapKit.framework; path = Carthage/Build/iOS/SnapKit.framework; sourceTree = "<group>"; };
		D4B097E31CDE2C05001AC22F /* API Entries.swift */ = {isa = PBXFileReference; fileEncoding = 4; lastKnownFileType = sourcecode.swift; path = "API Entries.swift"; sourceTree = "<group>"; };
		D4B097E51CDED813001AC22F /* PasscodeCreationViewController.swift */ = {isa = PBXFileReference; fileEncoding = 4; lastKnownFileType = sourcecode.swift; path = PasscodeCreationViewController.swift; sourceTree = "<group>"; };
		D4B097E71CDED843001AC22F /* PasscodeChangeViewController.swift */ = {isa = PBXFileReference; fileEncoding = 4; lastKnownFileType = sourcecode.swift; path = PasscodeChangeViewController.swift; sourceTree = "<group>"; };
		D4B097E91CDED873001AC22F /* PasscodeDeletionViewController.swift */ = {isa = PBXFileReference; fileEncoding = 4; lastKnownFileType = sourcecode.swift; path = PasscodeDeletionViewController.swift; sourceTree = "<group>"; };
		D4B097EB1CDED88F001AC22F /* AuthenticationViewController.swift */ = {isa = PBXFileReference; fileEncoding = 4; lastKnownFileType = sourcecode.swift; path = AuthenticationViewController.swift; sourceTree = "<group>"; };
		D4B097ED1CDEDAEA001AC22F /* PasscodeField.swift */ = {isa = PBXFileReference; fileEncoding = 4; lastKnownFileType = sourcecode.swift; path = PasscodeField.swift; sourceTree = "<group>"; };
		D4B097EF1CDF16B0001AC22F /* PasscodeInputView.swift */ = {isa = PBXFileReference; fileEncoding = 4; lastKnownFileType = sourcecode.swift; path = PasscodeInputView.swift; sourceTree = "<group>"; };
		D4B097F31CDF3526001AC22F /* LockscreenManager.swift */ = {isa = PBXFileReference; fileEncoding = 4; lastKnownFileType = sourcecode.swift; path = LockscreenManager.swift; sourceTree = "<group>"; };
		D4B097F51CDF3694001AC22F /* ShiftView.swift */ = {isa = PBXFileReference; fileEncoding = 4; lastKnownFileType = sourcecode.swift; path = ShiftView.swift; sourceTree = "<group>"; };
		D4B097F71CDF41FA001AC22F /* FreezeManager.swift */ = {isa = PBXFileReference; fileEncoding = 4; lastKnownFileType = sourcecode.swift; path = FreezeManager.swift; sourceTree = "<group>"; };
		D4B097F91CDF436B001AC22F /* SwiftDate.framework */ = {isa = PBXFileReference; lastKnownFileType = wrapper.framework; name = SwiftDate.framework; path = Carthage/Build/iOS/SwiftDate.framework; sourceTree = "<group>"; };
		D4B097FD1CDF4FB4001AC22F /* NSDate+Comparison.swift */ = {isa = PBXFileReference; fileEncoding = 4; lastKnownFileType = sourcecode.swift; path = "NSDate+Comparison.swift"; sourceTree = "<group>"; };
		D4BD7C511CDDF38A0021825D /* UIView+Shake.swift */ = {isa = PBXFileReference; fileEncoding = 4; lastKnownFileType = sourcecode.swift; path = "UIView+Shake.swift"; sourceTree = "<group>"; };
/* End PBXFileReference section */

/* Begin PBXFrameworksBuildPhase section */
		D460922F1CDD8AFC006C96E5 /* Frameworks */ = {
			isa = PBXFrameworksBuildPhase;
			buildActionMask = 2147483647;
			files = (
				D4B097FA1CDF436B001AC22F /* SwiftDate.framework in Frameworks */,
				D460924F1CDD8EAB006C96E5 /* SnapKit.framework in Frameworks */,
			);
			runOnlyForDeploymentPostprocessing = 0;
		};
		D460923A1CDD8AFD006C96E5 /* Frameworks */ = {
			isa = PBXFrameworksBuildPhase;
			buildActionMask = 2147483647;
			files = (
				D460923E1CDD8AFD006C96E5 /* SimplePasscode.framework in Frameworks */,
			);
			runOnlyForDeploymentPostprocessing = 0;
		};
/* End PBXFrameworksBuildPhase section */

/* Begin PBXGroup section */
		D42987971CE01FE400D6BE4E /* Extensions */ = {
			isa = PBXGroup;
			children = (
				D4B097FD1CDF4FB4001AC22F /* NSDate+Comparison.swift */,
				D4BD7C511CDDF38A0021825D /* UIView+Shake.swift */,
				D429879E1CE082E500D6BE4E /* UIColor+Pallette.swift */,
			);
			name = Extensions;
			sourceTree = "<group>";
		};
		D42987A01CE095BD00D6BE4E /* Custom Views */ = {
			isa = PBXGroup;
			children = (
				D42987981CE027BC00D6BE4E /* PaddingLabel.swift */,
				D4B097ED1CDEDAEA001AC22F /* PasscodeField.swift */,
				D4B097F51CDF3694001AC22F /* ShiftView.swift */,
				D4B097EF1CDF16B0001AC22F /* PasscodeInputView.swift */,
				D42987A11CE0962F00D6BE4E /* CircleView.swift */,
				D42987A31CE09AA200D6BE4E /* InputCirclesView.swift */,
				D42987A91CE1835100D6BE4E /* DigitButton.swift */,
				D42987AB1CE1A64F00D6BE4E /* NumPadView.swift */,
			);
			name = "Custom Views";
			sourceTree = "<group>";
		};
		D46092291CDD8AFC006C96E5 = {
			isa = PBXGroup;
			children = (
				D4B097F91CDF436B001AC22F /* SwiftDate.framework */,
				D460924E1CDD8EAB006C96E5 /* SnapKit.framework */,
				D46092351CDD8AFD006C96E5 /* SimplePasscode */,
				D4BD7C501CDDF37F0021825D /* Source */,
				D46092411CDD8AFD006C96E5 /* SimplePasscodeTests */,
				D46092341CDD8AFC006C96E5 /* Products */,
			);
			sourceTree = "<group>";
		};
		D46092341CDD8AFC006C96E5 /* Products */ = {
			isa = PBXGroup;
			children = (
				D46092331CDD8AFC006C96E5 /* SimplePasscode.framework */,
				D460923D1CDD8AFD006C96E5 /* SimplePasscodeTests.xctest */,
			);
			name = Products;
			sourceTree = "<group>";
		};
		D46092351CDD8AFD006C96E5 /* SimplePasscode */ = {
			isa = PBXGroup;
			children = (
				D45C90C61D485217005AF2B5 /* InfoPlist.strings */,
				D45CC18F1CFAF04100D0C30D /* Localizable.strings */,
				D46092361CDD8AFD006C96E5 /* SimplePasscode.h */,
				D46092381CDD8AFD006C96E5 /* Info.plist */,
			);
			path = SimplePasscode;
			sourceTree = "<group>";
		};
		D46092411CDD8AFD006C96E5 /* SimplePasscodeTests */ = {
			isa = PBXGroup;
			children = (
				D45C90C11D485217005AF2B5 /* InfoPlist.strings */,
				D46092421CDD8AFD006C96E5 /* SimplePasscodeTests.swift */,
				D46092441CDD8AFD006C96E5 /* Info.plist */,
			);
			path = SimplePasscodeTests;
			sourceTree = "<group>";
		};
		D4BD7C501CDDF37F0021825D /* Source */ = {
			isa = PBXGroup;
			children = (
				D42987A01CE095BD00D6BE4E /* Custom Views */,
				D42987971CE01FE400D6BE4E /* Extensions */,
				D4B097E31CDE2C05001AC22F /* API Entries.swift */,
				D4B097F71CDF41FA001AC22F /* FreezeManager.swift */,
				D4B097E51CDED813001AC22F /* PasscodeCreationViewController.swift */,
				D4B097E71CDED843001AC22F /* PasscodeChangeViewController.swift */,
				D4B097E91CDED873001AC22F /* PasscodeDeletionViewController.swift */,
				D4B097EB1CDED88F001AC22F /* AuthenticationViewController.swift */,
				D4B097F31CDF3526001AC22F /* LockscreenManager.swift */,
			);
			path = Source;
			sourceTree = "<group>";
		};
/* End PBXGroup section */

/* Begin PBXHeadersBuildPhase section */
		D46092301CDD8AFC006C96E5 /* Headers */ = {
			isa = PBXHeadersBuildPhase;
			buildActionMask = 2147483647;
			files = (
				D46092371CDD8AFD006C96E5 /* SimplePasscode.h in Headers */,
			);
			runOnlyForDeploymentPostprocessing = 0;
		};
/* End PBXHeadersBuildPhase section */

/* Begin PBXNativeTarget section */
		D46092321CDD8AFC006C96E5 /* SimplePasscode */ = {
			isa = PBXNativeTarget;
			buildConfigurationList = D46092471CDD8AFD006C96E5 /* Build configuration list for PBXNativeTarget "SimplePasscode" */;
			buildPhases = (
				D460922E1CDD8AFC006C96E5 /* Sources */,
				D460922F1CDD8AFC006C96E5 /* Frameworks */,
				D46092301CDD8AFC006C96E5 /* Headers */,
				D46092311CDD8AFC006C96E5 /* Resources */,
			);
			buildRules = (
			);
			dependencies = (
			);
			name = SimplePasscode;
			productName = SimplePasscode;
			productReference = D46092331CDD8AFC006C96E5 /* SimplePasscode.framework */;
			productType = "com.apple.product-type.framework";
		};
		D460923C1CDD8AFD006C96E5 /* SimplePasscodeTests */ = {
			isa = PBXNativeTarget;
			buildConfigurationList = D460924A1CDD8AFD006C96E5 /* Build configuration list for PBXNativeTarget "SimplePasscodeTests" */;
			buildPhases = (
				D46092391CDD8AFD006C96E5 /* Sources */,
				D460923A1CDD8AFD006C96E5 /* Frameworks */,
				D460923B1CDD8AFD006C96E5 /* Resources */,
			);
			buildRules = (
			);
			dependencies = (
				D46092401CDD8AFD006C96E5 /* PBXTargetDependency */,
			);
			name = SimplePasscodeTests;
			productName = SimplePasscodeTests;
			productReference = D460923D1CDD8AFD006C96E5 /* SimplePasscodeTests.xctest */;
			productType = "com.apple.product-type.bundle.unit-test";
		};
/* End PBXNativeTarget section */

/* Begin PBXProject section */
		D460922A1CDD8AFC006C96E5 /* Project object */ = {
			isa = PBXProject;
			attributes = {
				LastSwiftUpdateCheck = 0730;
				LastUpgradeCheck = 0930;
				ORGANIZATIONNAME = "Zhu Shengqi";
				TargetAttributes = {
					D46092321CDD8AFC006C96E5 = {
						CreatedOnToolsVersion = 7.3;
						DevelopmentTeam = DHNJ8N28ZZ;
						LastSwiftMigration = 0900;
					};
					D460923C1CDD8AFD006C96E5 = {
						CreatedOnToolsVersion = 7.3;
						LastSwiftMigration = 1020;
					};
				};
			};
			buildConfigurationList = D460922D1CDD8AFC006C96E5 /* Build configuration list for PBXProject "SimplePasscode" */;
			compatibilityVersion = "Xcode 3.2";
			developmentRegion = en;
			hasScannedForEncodings = 0;
			knownRegions = (
				en,
				"zh-Hans",
				"zh-Hant",
				Base,
			);
			mainGroup = D46092291CDD8AFC006C96E5;
			productRefGroup = D46092341CDD8AFC006C96E5 /* Products */;
			projectDirPath = "";
			projectRoot = "";
			targets = (
				D46092321CDD8AFC006C96E5 /* SimplePasscode */,
				D460923C1CDD8AFD006C96E5 /* SimplePasscodeTests */,
			);
		};
/* End PBXProject section */

/* Begin PBXResourcesBuildPhase section */
		D46092311CDD8AFC006C96E5 /* Resources */ = {
			isa = PBXResourcesBuildPhase;
			buildActionMask = 2147483647;
			files = (
				D45CC18D1CFAF04100D0C30D /* Localizable.strings in Resources */,
				D45C90C41D485217005AF2B5 /* InfoPlist.strings in Resources */,
			);
			runOnlyForDeploymentPostprocessing = 0;
		};
		D460923B1CDD8AFD006C96E5 /* Resources */ = {
			isa = PBXResourcesBuildPhase;
			buildActionMask = 2147483647;
			files = (
				D45C90BF1D485217005AF2B5 /* InfoPlist.strings in Resources */,
			);
			runOnlyForDeploymentPostprocessing = 0;
		};
/* End PBXResourcesBuildPhase section */

/* Begin PBXSourcesBuildPhase section */
		D460922E1CDD8AFC006C96E5 /* Sources */ = {
			isa = PBXSourcesBuildPhase;
			buildActionMask = 2147483647;
			files = (
				D4B097E81CDED843001AC22F /* PasscodeChangeViewController.swift in Sources */,
				D4B097E61CDED813001AC22F /* PasscodeCreationViewController.swift in Sources */,
				D4B097EE1CDEDAEA001AC22F /* PasscodeField.swift in Sources */,
				D4B097FE1CDF4FB4001AC22F /* NSDate+Comparison.swift in Sources */,
				D42987A41CE09AA200D6BE4E /* InputCirclesView.swift in Sources */,
				D4BD7C521CDDF38A0021825D /* UIView+Shake.swift in Sources */,
				D4B097EA1CDED873001AC22F /* PasscodeDeletionViewController.swift in Sources */,
				D4B097F61CDF3694001AC22F /* ShiftView.swift in Sources */,
				D4B097EC1CDED88F001AC22F /* AuthenticationViewController.swift in Sources */,
				D42987A21CE0962F00D6BE4E /* CircleView.swift in Sources */,
				D42987AA1CE1835100D6BE4E /* DigitButton.swift in Sources */,
				D42987991CE027BC00D6BE4E /* PaddingLabel.swift in Sources */,
				D4B097F81CDF41FA001AC22F /* FreezeManager.swift in Sources */,
				D42987AC1CE1A64F00D6BE4E /* NumPadView.swift in Sources */,
				D429879F1CE082E500D6BE4E /* UIColor+Pallette.swift in Sources */,
				D4B097E41CDE2C05001AC22F /* API Entries.swift in Sources */,
				D4B097F41CDF3526001AC22F /* LockscreenManager.swift in Sources */,
				D4B097F01CDF16B0001AC22F /* PasscodeInputView.swift in Sources */,
			);
			runOnlyForDeploymentPostprocessing = 0;
		};
		D46092391CDD8AFD006C96E5 /* Sources */ = {
			isa = PBXSourcesBuildPhase;
			buildActionMask = 2147483647;
			files = (
				D46092431CDD8AFD006C96E5 /* SimplePasscodeTests.swift in Sources */,
			);
			runOnlyForDeploymentPostprocessing = 0;
		};
/* End PBXSourcesBuildPhase section */

/* Begin PBXTargetDependency section */
		D46092401CDD8AFD006C96E5 /* PBXTargetDependency */ = {
			isa = PBXTargetDependency;
			target = D46092321CDD8AFC006C96E5 /* SimplePasscode */;
			targetProxy = D460923F1CDD8AFD006C96E5 /* PBXContainerItemProxy */;
		};
/* End PBXTargetDependency section */

/* Begin PBXVariantGroup section */
		D45C90C11D485217005AF2B5 /* InfoPlist.strings */ = {
			isa = PBXVariantGroup;
			children = (
				D45C90C01D485217005AF2B5 /* en */,
			);
			name = InfoPlist.strings;
			sourceTree = "<group>";
		};
		D45C90C61D485217005AF2B5 /* InfoPlist.strings */ = {
			isa = PBXVariantGroup;
			children = (
				D45C90C51D485217005AF2B5 /* en */,
			);
			name = InfoPlist.strings;
			sourceTree = "<group>";
		};
		D45CC18F1CFAF04100D0C30D /* Localizable.strings */ = {
			isa = PBXVariantGroup;
			children = (
				D45CC18E1CFAF04100D0C30D /* zh-Hans */,
				D45CC19A1CFAF33F00D0C30D /* zh-Hant */,
				D45C90C71D485217005AF2B5 /* en */,
			);
			name = Localizable.strings;
			sourceTree = "<group>";
		};
/* End PBXVariantGroup section */

/* Begin XCBuildConfiguration section */
		D46092451CDD8AFD006C96E5 /* Debug */ = {
			isa = XCBuildConfiguration;
			buildSettings = {
				ALWAYS_SEARCH_USER_PATHS = NO;
				CLANG_ANALYZER_LOCALIZABILITY_NONLOCALIZED = YES;
				CLANG_ANALYZER_NONNULL = YES;
				CLANG_CXX_LANGUAGE_STANDARD = "gnu++0x";
				CLANG_CXX_LIBRARY = "libc++";
				CLANG_ENABLE_MODULES = YES;
				CLANG_ENABLE_OBJC_ARC = YES;
				CLANG_WARN_BLOCK_CAPTURE_AUTORELEASING = YES;
				CLANG_WARN_BOOL_CONVERSION = YES;
				CLANG_WARN_COMMA = YES;
				CLANG_WARN_CONSTANT_CONVERSION = YES;
				CLANG_WARN_DEPRECATED_OBJC_IMPLEMENTATIONS = YES;
				CLANG_WARN_DIRECT_OBJC_ISA_USAGE = YES_ERROR;
				CLANG_WARN_EMPTY_BODY = YES;
				CLANG_WARN_ENUM_CONVERSION = YES;
				CLANG_WARN_INFINITE_RECURSION = YES;
				CLANG_WARN_INT_CONVERSION = YES;
				CLANG_WARN_NON_LITERAL_NULL_CONVERSION = YES;
				CLANG_WARN_OBJC_IMPLICIT_RETAIN_SELF = YES;
				CLANG_WARN_OBJC_LITERAL_CONVERSION = YES;
				CLANG_WARN_OBJC_ROOT_CLASS = YES_ERROR;
				CLANG_WARN_RANGE_LOOP_ANALYSIS = YES;
				CLANG_WARN_STRICT_PROTOTYPES = YES;
				CLANG_WARN_SUSPICIOUS_MOVE = YES;
				CLANG_WARN_UNREACHABLE_CODE = YES;
				CLANG_WARN__DUPLICATE_METHOD_MATCH = YES;
				"CODE_SIGN_IDENTITY[sdk=iphoneos*]" = "iPhone Developer";
				COPY_PHASE_STRIP = NO;
				CURRENT_PROJECT_VERSION = 1;
				DEBUG_INFORMATION_FORMAT = dwarf;
				ENABLE_STRICT_OBJC_MSGSEND = YES;
				ENABLE_TESTABILITY = YES;
				GCC_C_LANGUAGE_STANDARD = gnu99;
				GCC_DYNAMIC_NO_PIC = NO;
				GCC_NO_COMMON_BLOCKS = YES;
				GCC_OPTIMIZATION_LEVEL = 0;
				GCC_PREPROCESSOR_DEFINITIONS = (
					"DEBUG=1",
					"$(inherited)",
				);
				GCC_WARN_64_TO_32_BIT_CONVERSION = YES;
				GCC_WARN_ABOUT_RETURN_TYPE = YES_ERROR;
				GCC_WARN_UNDECLARED_SELECTOR = YES;
				GCC_WARN_UNINITIALIZED_AUTOS = YES_AGGRESSIVE;
				GCC_WARN_UNUSED_FUNCTION = YES;
				GCC_WARN_UNUSED_VARIABLE = YES;
				IPHONEOS_DEPLOYMENT_TARGET = 8.0;
				MTL_ENABLE_DEBUG_INFO = YES;
				ONLY_ACTIVE_ARCH = YES;
				SDKROOT = iphoneos;
				SWIFT_OPTIMIZATION_LEVEL = "-Onone";
				TARGETED_DEVICE_FAMILY = "1,2";
				VERSIONING_SYSTEM = "apple-generic";
				VERSION_INFO_PREFIX = "";
			};
			name = Debug;
		};
		D46092461CDD8AFD006C96E5 /* Release */ = {
			isa = XCBuildConfiguration;
			buildSettings = {
				ALWAYS_SEARCH_USER_PATHS = NO;
				CLANG_ANALYZER_LOCALIZABILITY_NONLOCALIZED = YES;
				CLANG_ANALYZER_NONNULL = YES;
				CLANG_CXX_LANGUAGE_STANDARD = "gnu++0x";
				CLANG_CXX_LIBRARY = "libc++";
				CLANG_ENABLE_MODULES = YES;
				CLANG_ENABLE_OBJC_ARC = YES;
				CLANG_WARN_BLOCK_CAPTURE_AUTORELEASING = YES;
				CLANG_WARN_BOOL_CONVERSION = YES;
				CLANG_WARN_COMMA = YES;
				CLANG_WARN_CONSTANT_CONVERSION = YES;
				CLANG_WARN_DEPRECATED_OBJC_IMPLEMENTATIONS = YES;
				CLANG_WARN_DIRECT_OBJC_ISA_USAGE = YES_ERROR;
				CLANG_WARN_EMPTY_BODY = YES;
				CLANG_WARN_ENUM_CONVERSION = YES;
				CLANG_WARN_INFINITE_RECURSION = YES;
				CLANG_WARN_INT_CONVERSION = YES;
				CLANG_WARN_NON_LITERAL_NULL_CONVERSION = YES;
				CLANG_WARN_OBJC_IMPLICIT_RETAIN_SELF = YES;
				CLANG_WARN_OBJC_LITERAL_CONVERSION = YES;
				CLANG_WARN_OBJC_ROOT_CLASS = YES_ERROR;
				CLANG_WARN_RANGE_LOOP_ANALYSIS = YES;
				CLANG_WARN_STRICT_PROTOTYPES = YES;
				CLANG_WARN_SUSPICIOUS_MOVE = YES;
				CLANG_WARN_UNREACHABLE_CODE = YES;
				CLANG_WARN__DUPLICATE_METHOD_MATCH = YES;
				"CODE_SIGN_IDENTITY[sdk=iphoneos*]" = "iPhone Developer";
				COPY_PHASE_STRIP = NO;
				CURRENT_PROJECT_VERSION = 1;
				DEBUG_INFORMATION_FORMAT = "dwarf-with-dsym";
				ENABLE_NS_ASSERTIONS = NO;
				ENABLE_STRICT_OBJC_MSGSEND = YES;
				GCC_C_LANGUAGE_STANDARD = gnu99;
				GCC_NO_COMMON_BLOCKS = YES;
				GCC_WARN_64_TO_32_BIT_CONVERSION = YES;
				GCC_WARN_ABOUT_RETURN_TYPE = YES_ERROR;
				GCC_WARN_UNDECLARED_SELECTOR = YES;
				GCC_WARN_UNINITIALIZED_AUTOS = YES_AGGRESSIVE;
				GCC_WARN_UNUSED_FUNCTION = YES;
				GCC_WARN_UNUSED_VARIABLE = YES;
				IPHONEOS_DEPLOYMENT_TARGET = 8.0;
				MTL_ENABLE_DEBUG_INFO = NO;
				SDKROOT = iphoneos;
				SWIFT_OPTIMIZATION_LEVEL = "-Owholemodule";
				TARGETED_DEVICE_FAMILY = "1,2";
				VALIDATE_PRODUCT = YES;
				VERSIONING_SYSTEM = "apple-generic";
				VERSION_INFO_PREFIX = "";
			};
			name = Release;
		};
		D46092481CDD8AFD006C96E5 /* Debug */ = {
			isa = XCBuildConfiguration;
			buildSettings = {
				CLANG_ENABLE_MODULES = YES;
				CODE_SIGN_IDENTITY = "iPhone Developer";
				"CODE_SIGN_IDENTITY[sdk=iphoneos*]" = "";
				DEFINES_MODULE = YES;
				DYLIB_COMPATIBILITY_VERSION = 1;
				DYLIB_CURRENT_VERSION = 1;
				DYLIB_INSTALL_NAME_BASE = "@rpath";
				FRAMEWORK_SEARCH_PATHS = (
					"$(inherited)",
					"$(PROJECT_DIR)/Carthage/Build/iOS",
				);
				INFOPLIST_FILE = SimplePasscode/Info.plist;
				INSTALL_PATH = "$(LOCAL_LIBRARY_DIR)/Frameworks";
				IPHONEOS_DEPLOYMENT_TARGET = 8.0;
				LD_RUNPATH_SEARCH_PATHS = "$(inherited) @executable_path/Frameworks @loader_path/Frameworks";
				PRODUCT_BUNDLE_IDENTIFIER = dia.SimplePasscode;
				PRODUCT_NAME = "$(TARGET_NAME)";
				SKIP_INSTALL = YES;
				SWIFT_OPTIMIZATION_LEVEL = "-Onone";
				SWIFT_SWIFT3_OBJC_INFERENCE = Default;
				SWIFT_VERSION = 5.0;
			};
			name = Debug;
		};
		D46092491CDD8AFD006C96E5 /* Release */ = {
			isa = XCBuildConfiguration;
			buildSettings = {
				CLANG_ENABLE_MODULES = YES;
				CODE_SIGN_IDENTITY = "iPhone Developer";
				"CODE_SIGN_IDENTITY[sdk=iphoneos*]" = "";
				DEFINES_MODULE = YES;
				DYLIB_COMPATIBILITY_VERSION = 1;
				DYLIB_CURRENT_VERSION = 1;
				DYLIB_INSTALL_NAME_BASE = "@rpath";
				FRAMEWORK_SEARCH_PATHS = (
					"$(inherited)",
					"$(PROJECT_DIR)/Carthage/Build/iOS",
				);
				INFOPLIST_FILE = SimplePasscode/Info.plist;
				INSTALL_PATH = "$(LOCAL_LIBRARY_DIR)/Frameworks";
				IPHONEOS_DEPLOYMENT_TARGET = 8.0;
				LD_RUNPATH_SEARCH_PATHS = "$(inherited) @executable_path/Frameworks @loader_path/Frameworks";
				PRODUCT_BUNDLE_IDENTIFIER = dia.SimplePasscode;
				PRODUCT_NAME = "$(TARGET_NAME)";
				SKIP_INSTALL = YES;
				SWIFT_SWIFT3_OBJC_INFERENCE = Default;
				SWIFT_VERSION = 5.0;
			};
			name = Release;
		};
		D460924B1CDD8AFD006C96E5 /* Debug */ = {
			isa = XCBuildConfiguration;
			buildSettings = {
				INFOPLIST_FILE = SimplePasscodeTests/Info.plist;
				LD_RUNPATH_SEARCH_PATHS = "$(inherited) @executable_path/Frameworks @loader_path/Frameworks";
				PRODUCT_BUNDLE_IDENTIFIER = dia.SimplePasscodeTests;
				PRODUCT_NAME = "$(TARGET_NAME)";
				SWIFT_VERSION = 5.0;
			};
			name = Debug;
		};
		D460924C1CDD8AFD006C96E5 /* Release */ = {
			isa = XCBuildConfiguration;
			buildSettings = {
				INFOPLIST_FILE = SimplePasscodeTests/Info.plist;
				LD_RUNPATH_SEARCH_PATHS = "$(inherited) @executable_path/Frameworks @loader_path/Frameworks";
				PRODUCT_BUNDLE_IDENTIFIER = dia.SimplePasscodeTests;
				PRODUCT_NAME = "$(TARGET_NAME)";
				SWIFT_VERSION = 5.0;
			};
			name = Release;
		};
/* End XCBuildConfiguration section */

/* Begin XCConfigurationList section */
		D460922D1CDD8AFC006C96E5 /* Build configuration list for PBXProject "SimplePasscode" */ = {
			isa = XCConfigurationList;
			buildConfigurations = (
				D46092451CDD8AFD006C96E5 /* Debug */,
				D46092461CDD8AFD006C96E5 /* Release */,
			);
			defaultConfigurationIsVisible = 0;
			defaultConfigurationName = Release;
		};
		D46092471CDD8AFD006C96E5 /* Build configuration list for PBXNativeTarget "SimplePasscode" */ = {
			isa = XCConfigurationList;
			buildConfigurations = (
				D46092481CDD8AFD006C96E5 /* Debug */,
				D46092491CDD8AFD006C96E5 /* Release */,
			);
			defaultConfigurationIsVisible = 0;
			defaultConfigurationName = Release;
		};
		D460924A1CDD8AFD006C96E5 /* Build configuration list for PBXNativeTarget "SimplePasscodeTests" */ = {
			isa = XCConfigurationList;
			buildConfigurations = (
				D460924B1CDD8AFD006C96E5 /* Debug */,
				D460924C1CDD8AFD006C96E5 /* Release */,
			);
			defaultConfigurationIsVisible = 0;
			defaultConfigurationName = Release;
		};
/* End XCConfigurationList section */
	};
	rootObject = D460922A1CDD8AFC006C96E5 /* Project object */;
}
